
Microsoft Visual Studio Solution File, Format Version 12.00
# Visual Studio Version 17
VisualStudioVersion = 17.9.34616.47
MinimumVisualStudioVersion = 10.0.40219.1
Project("{FAE04EC0-301F-11D3-BF4B-00C04F79EFBC}") = "combinedProject.Server", "combinedProject.Server\combinedProject.Server.csproj", "{4A7CD747-85A4-48CE-9672-4721F1FA2C83}"
EndProject
Project("{54A90642-561A-4BB1-A94E-469ADEE60C69}") = "combinedproject.client", "combinedproject.client\combinedproject.client.esproj", "{A23A9409-2FCE-4A63-B422-379F3B451A3E}"
EndProject
Global
	GlobalSection(SolutionConfigurationPlatforms) = preSolution
		Debug|Any CPU = Debug|Any CPU
		Release|Any CPU = Release|Any CPU
	EndGlobalSection
	GlobalSection(ProjectConfigurationPlatforms) = postSolution
		{4A7CD747-85A4-48CE-9672-4721F1FA2C83}.Debug|Any CPU.ActiveCfg = Debug|Any CPU
		{4A7CD747-85A4-48CE-9672-4721F1FA2C83}.Debug|Any CPU.Build.0 = Debug|Any CPU
		{4A7CD747-85A4-48CE-9672-4721F1FA2C83}.Release|Any CPU.ActiveCfg = Release|Any CPU
		{4A7CD747-85A4-48CE-9672-4721F1FA2C83}.Release|Any CPU.Build.0 = Release|Any CPU
		{A23A9409-2FCE-4A63-B422-379F3B451A3E}.Debug|Any CPU.ActiveCfg = Debug|Any CPU
		{A23A9409-2FCE-4A63-B422-379F3B451A3E}.Debug|Any CPU.Build.0 = Debug|Any CPU
		{A23A9409-2FCE-4A63-B422-379F3B451A3E}.Debug|Any CPU.Deploy.0 = Debug|Any CPU
		{A23A9409-2FCE-4A63-B422-379F3B451A3E}.Release|Any CPU.ActiveCfg = Release|Any CPU
		{A23A9409-2FCE-4A63-B422-379F3B451A3E}.Release|Any CPU.Build.0 = Release|Any CPU
		{A23A9409-2FCE-4A63-B422-379F3B451A3E}.Release|Any CPU.Deploy.0 = Release|Any CPU
	EndGlobalSection
	GlobalSection(SolutionProperties) = preSolution
		HideSolutionNode = FALSE
	EndGlobalSection
	GlobalSection(ExtensibilityGlobals) = postSolution
		SolutionGuid = {53D5EA4B-BDB3-482F-9FF9-AE10BA959078}
	EndGlobalSection
EndGlobal
